
Microsoft Visual Studio Solution File, Format Version 12.00
# Visual Studio Version 17
VisualStudioVersion = 17.0.31903.59
MinimumVisualStudioVersion = 10.0.40219.1
Project("{2150E333-8FDC-42A3-9474-1A3956D46DE8}") = "src", "src", "{827E0CD3-B72D-47B6-A68D-7590B98EB39B}"
EndProject
Project("{FAE04EC0-301F-11D3-BF4B-00C04F79EFBC}") = "AksharaMane.API", "src\AksharaMane.API\AksharaMane.API.csproj", "{B5716B3C-17AE-47A4-B087-AE95C2F7FA7B}"
EndProject
Project("{FAE04EC0-301F-11D3-BF4B-00C04F79EFBC}") = "AksharaMane.Application", "src\AksharaMane.Application\AksharaMane.Application.csproj", "{F0B612F9-480A-4E8E-9846-AB4126F19075}"
EndProject
Project("{FAE04EC0-301F-11D3-BF4B-00C04F79EFBC}") = "AksharaMane.Domain", "src\AksharaMane.Domain\AksharaMane.Domain.csproj", "{25561297-B3D4-4057-A8EE-BCFCB8BE3861}"
EndProject
Project("{FAE04EC0-301F-11D3-BF4B-00C04F79EFBC}") = "AksharaMane.Infrastructure", "src\AksharaMane.Infrastructure\AksharaMane.Infrastructure.csproj", "{02AD4B26-91F8-46DB-B3F2-5D56E6F12A68}"
EndProject
Project("{FAE04EC0-301F-11D3-BF4B-00C04F79EFBC}") = "AksharaMane.Persistence", "src\AksharaMane.Persistence\AksharaMane.Persistence.csproj", "{98782E29-DC16-4F51-B46C-CE52AFEBF822}"
EndProject
Project("{2150E333-8FDC-42A3-9474-1A3956D46DE8}") = "tests", "tests", "{0AB3BF05-4346-4AA6-1389-037BE0695223}"
EndProject
Project("{FAE04EC0-301F-11D3-BF4B-00C04F79EFBC}") = "AksharaMane.Tests", "tests\AksharaMane.Tests\AksharaMane.Tests.csproj", "{E7182AF6-4A84-4485-A421-F9BD5E8B9685}"
EndProject
Global
	GlobalSection(SolutionConfigurationPlatforms) = preSolution
		Debug|Any CPU = Debug|Any CPU
		Debug|x64 = Debug|x64
		Debug|x86 = Debug|x86
		Release|Any CPU = Release|Any CPU
		Release|x64 = Release|x64
		Release|x86 = Release|x86
	EndGlobalSection
	GlobalSection(ProjectConfigurationPlatforms) = postSolution
		{B5716B3C-17AE-47A4-B087-AE95C2F7FA7B}.Debug|Any CPU.ActiveCfg = Debug|Any CPU
		{B5716B3C-17AE-47A4-B087-AE95C2F7FA7B}.Debug|Any CPU.Build.0 = Debug|Any CPU
		{B5716B3C-17AE-47A4-B087-AE95C2F7FA7B}.Debug|x64.ActiveCfg = Debug|Any CPU
		{B5716B3C-17AE-47A4-B087-AE95C2F7FA7B}.Debug|x64.Build.0 = Debug|Any CPU
		{B5716B3C-17AE-47A4-B087-AE95C2F7FA7B}.Debug|x86.ActiveCfg = Debug|Any CPU
		{B5716B3C-17AE-47A4-B087-AE95C2F7FA7B}.Debug|x86.Build.0 = Debug|Any CPU
		{B5716B3C-17AE-47A4-B087-AE95C2F7FA7B}.Release|Any CPU.ActiveCfg = Release|Any CPU
		{B5716B3C-17AE-47A4-B087-AE95C2F7FA7B}.Release|Any CPU.Build.0 = Release|Any CPU
		{B5716B3C-17AE-47A4-B087-AE95C2F7FA7B}.Release|x64.ActiveCfg = Release|Any CPU
		{B5716B3C-17AE-47A4-B087-AE95C2F7FA7B}.Release|x64.Build.0 = Release|Any CPU
		{B5716B3C-17AE-47A4-B087-AE95C2F7FA7B}.Release|x86.ActiveCfg = Release|Any CPU
		{B5716B3C-17AE-47A4-B087-AE95C2F7FA7B}.Release|x86.Build.0 = Release|Any CPU
		{F0B612F9-480A-4E8E-9846-AB4126F19075}.Debug|Any CPU.ActiveCfg = Debug|Any CPU
		{F0B612F9-480A-4E8E-9846-AB4126F19075}.Debug|Any CPU.Build.0 = Debug|Any CPU
		{F0B612F9-480A-4E8E-9846-AB4126F19075}.Debug|x64.ActiveCfg = Debug|Any CPU
		{F0B612F9-480A-4E8E-9846-AB4126F19075}.Debug|x64.Build.0 = Debug|Any CPU
		{F0B612F9-480A-4E8E-9846-AB4126F19075}.Debug|x86.ActiveCfg = Debug|Any CPU
		{F0B612F9-480A-4E8E-9846-AB4126F19075}.Debug|x86.Build.0 = Debug|Any CPU
		{F0B612F9-480A-4E8E-9846-AB4126F19075}.Release|Any CPU.ActiveCfg = Release|Any CPU
		{F0B612F9-480A-4E8E-9846-AB4126F19075}.Release|Any CPU.Build.0 = Release|Any CPU
		{F0B612F9-480A-4E8E-9846-AB4126F19075}.Release|x64.ActiveCfg = Release|Any CPU
		{F0B612F9-480A-4E8E-9846-AB4126F19075}.Release|x64.Build.0 = Release|Any CPU
		{F0B612F9-480A-4E8E-9846-AB4126F19075}.Release|x86.ActiveCfg = Release|Any CPU
		{F0B612F9-480A-4E8E-9846-AB4126F19075}.Release|x86.Build.0 = Release|Any CPU
		{25561297-B3D4-4057-A8EE-BCFCB8BE3861}.Debug|Any CPU.ActiveCfg = Debug|Any CPU
		{25561297-B3D4-4057-A8EE-BCFCB8BE3861}.Debug|Any CPU.Build.0 = Debug|Any CPU
		{25561297-B3D4-4057-A8EE-BCFCB8BE3861}.Debug|x64.ActiveCfg = Debug|Any CPU
		{25561297-B3D4-4057-A8EE-BCFCB8BE3861}.Debug|x64.Build.0 = Debug|Any CPU
		{25561297-B3D4-4057-A8EE-BCFCB8BE3861}.Debug|x86.ActiveCfg = Debug|Any CPU
		{25561297-B3D4-4057-A8EE-BCFCB8BE3861}.Debug|x86.Build.0 = Debug|Any CPU
		{25561297-B3D4-4057-A8EE-BCFCB8BE3861}.Release|Any CPU.ActiveCfg = Release|Any CPU
		{25561297-B3D4-4057-A8EE-BCFCB8BE3861}.Release|Any CPU.Build.0 = Release|Any CPU
		{25561297-B3D4-4057-A8EE-BCFCB8BE3861}.Release|x64.ActiveCfg = Release|Any CPU
		{25561297-B3D4-4057-A8EE-BCFCB8BE3861}.Release|x64.Build.0 = Release|Any CPU
		{25561297-B3D4-4057-A8EE-BCFCB8BE3861}.Release|x86.ActiveCfg = Release|Any CPU
		{25561297-B3D4-4057-A8EE-BCFCB8BE3861}.Release|x86.Build.0 = Release|Any CPU
		{02AD4B26-91F8-46DB-B3F2-5D56E6F12A68}.Debug|Any CPU.ActiveCfg = Debug|Any CPU
		{02AD4B26-91F8-46DB-B3F2-5D56E6F12A68}.Debug|Any CPU.Build.0 = Debug|Any CPU
		{02AD4B26-91F8-46DB-B3F2-5D56E6F12A68}.Debug|x64.ActiveCfg = Debug|Any CPU
		{02AD4B26-91F8-46DB-B3F2-5D56E6F12A68}.Debug|x64.Build.0 = Debug|Any CPU
		{02AD4B26-91F8-46DB-B3F2-5D56E6F12A68}.Debug|x86.ActiveCfg = Debug|Any CPU
		{02AD4B26-91F8-46DB-B3F2-5D56E6F12A68}.Debug|x86.Build.0 = Debug|Any CPU
		{02AD4B26-91F8-46DB-B3F2-5D56E6F12A68}.Release|Any CPU.ActiveCfg = Release|Any CPU
		{02AD4B26-91F8-46DB-B3F2-5D56E6F12A68}.Release|Any CPU.Build.0 = Release|Any CPU
		{02AD4B26-91F8-46DB-B3F2-5D56E6F12A68}.Release|x64.ActiveCfg = Release|Any CPU
		{02AD4B26-91F8-46DB-B3F2-5D56E6F12A68}.Release|x64.Build.0 = Release|Any CPU
		{02AD4B26-91F8-46DB-B3F2-5D56E6F12A68}.Release|x86.ActiveCfg = Release|Any CPU
		{02AD4B26-91F8-46DB-B3F2-5D56E6F12A68}.Release|x86.Build.0 = Release|Any CPU
		{98782E29-DC16-4F51-B46C-CE52AFEBF822}.Debug|Any CPU.ActiveCfg = Debug|Any CPU
		{98782E29-DC16-4F51-B46C-CE52AFEBF822}.Debug|Any CPU.Build.0 = Debug|Any CPU
		{98782E29-DC16-4F51-B46C-CE52AFEBF822}.Debug|x64.ActiveCfg = Debug|Any CPU
		{98782E29-DC16-4F51-B46C-CE52AFEBF822}.Debug|x64.Build.0 = Debug|Any CPU
		{98782E29-DC16-4F51-B46C-CE52AFEBF822}.Debug|x86.ActiveCfg = Debug|Any CPU
		{98782E29-DC16-4F51-B46C-CE52AFEBF822}.Debug|x86.Build.0 = Debug|Any CPU
		{98782E29-DC16-4F51-B46C-CE52AFEBF822}.Release|Any CPU.ActiveCfg = Release|Any CPU
		{98782E29-DC16-4F51-B46C-CE52AFEBF822}.Release|Any CPU.Build.0 = Release|Any CPU
		{98782E29-DC16-4F51-B46C-CE52AFEBF822}.Release|x64.ActiveCfg = Release|Any CPU
		{98782E29-DC16-4F51-B46C-CE52AFEBF822}.Release|x64.Build.0 = Release|Any CPU
		{98782E29-DC16-4F51-B46C-CE52AFEBF822}.Release|x86.ActiveCfg = Release|Any CPU
		{98782E29-DC16-4F51-B46C-CE52AFEBF822}.Release|x86.Build.0 = Release|Any CPU
		{E7182AF6-4A84-4485-A421-F9BD5E8B9685}.Debug|Any CPU.ActiveCfg = Debug|Any CPU
		{E7182AF6-4A84-4485-A421-F9BD5E8B9685}.Debug|Any CPU.Build.0 = Debug|Any CPU
		{E7182AF6-4A84-4485-A421-F9BD5E8B9685}.Debug|x64.ActiveCfg = Debug|Any CPU
		{E7182AF6-4A84-4485-A421-F9BD5E8B9685}.Debug|x64.Build.0 = Debug|Any CPU
		{E7182AF6-4A84-4485-A421-F9BD5E8B9685}.Debug|x86.ActiveCfg = Debug|Any CPU
		{E7182AF6-4A84-4485-A421-F9BD5E8B9685}.Debug|x86.Build.0 = Debug|Any CPU
		{E7182AF6-4A84-4485-A421-F9BD5E8B9685}.Release|Any CPU.ActiveCfg = Release|Any CPU
		{E7182AF6-4A84-4485-A421-F9BD5E8B9685}.Release|Any CPU.Build.0 = Release|Any CPU
		{E7182AF6-4A84-4485-A421-F9BD5E8B9685}.Release|x64.ActiveCfg = Release|Any CPU
		{E7182AF6-4A84-4485-A421-F9BD5E8B9685}.Release|x64.Build.0 = Release|Any CPU
		{E7182AF6-4A84-4485-A421-F9BD5E8B9685}.Release|x86.ActiveCfg = Release|Any CPU
		{E7182AF6-4A84-4485-A421-F9BD5E8B9685}.Release|x86.Build.0 = Release|Any CPU
	EndGlobalSection
	GlobalSection(SolutionProperties) = preSolution
		HideSolutionNode = FALSE
	EndGlobalSection
	GlobalSection(NestedProjects) = preSolution
		{B5716B3C-17AE-47A4-B087-AE95C2F7FA7B} = {827E0CD3-B72D-47B6-A68D-7590B98EB39B}
		{F0B612F9-480A-4E8E-9846-AB4126F19075} = {827E0CD3-B72D-47B6-A68D-7590B98EB39B}
		{25561297-B3D4-4057-A8EE-BCFCB8BE3861} = {827E0CD3-B72D-47B6-A68D-7590B98EB39B}
		{02AD4B26-91F8-46DB-B3F2-5D56E6F12A68} = {827E0CD3-B72D-47B6-A68D-7590B98EB39B}
		{98782E29-DC16-4F51-B46C-CE52AFEBF822} = {827E0CD3-B72D-47B6-A68D-7590B98EB39B}
		{E7182AF6-4A84-4485-A421-F9BD5E8B9685} = {0AB3BF05-4346-4AA6-1389-037BE0695223}
	EndGlobalSection
EndGlobal
